
Microsoft Visual Studio Solution File, Format Version 12.00
# Visual Studio Version 16
VisualStudioVersion = 16.0.31105.61
MinimumVisualStudioVersion = 10.0.40219.1
Project("{FAE04EC0-301F-11D3-BF4B-00C04F79EFBC}") = "SciChartAnnoTest", "SciChartAnnoTest.csproj", "{FD9E792C-6A1D-46C0-9DAB-5F5F56557EAA}"
EndProject
Project("{FAE04EC0-301F-11D3-BF4B-00C04F79EFBC}") = "DragAndDropTest", "..\DragAndDropTest\DragAndDropTest.csproj", "{1C0B094B-8A1A-47A8-A193-D77D2D926AAC}"
EndProject
Global
	GlobalSection(SolutionConfigurationPlatforms) = preSolution
		Debug|Any CPU = Debug|Any CPU
		Release|Any CPU = Release|Any CPU
	EndGlobalSection
	GlobalSection(ProjectConfigurationPlatforms) = postSolution
		{FD9E792C-6A1D-46C0-9DAB-5F5F56557EAA}.Debug|Any CPU.ActiveCfg = Debug|Any CPU
		{FD9E792C-6A1D-46C0-9DAB-5F5F56557EAA}.Debug|Any CPU.Build.0 = Debug|Any CPU
		{FD9E792C-6A1D-46C0-9DAB-5F5F56557EAA}.Release|Any CPU.ActiveCfg = Release|Any CPU
		{FD9E792C-6A1D-46C0-9DAB-5F5F56557EAA}.Release|Any CPU.Build.0 = Release|Any CPU
		{1C0B094B-8A1A-47A8-A193-D77D2D926AAC}.Debug|Any CPU.ActiveCfg = Debug|Any CPU
		{1C0B094B-8A1A-47A8-A193-D77D2D926AAC}.Debug|Any CPU.Build.0 = Debug|Any CPU
		{1C0B094B-8A1A-47A8-A193-D77D2D926AAC}.Release|Any CPU.ActiveCfg = Release|Any CPU
		{1C0B094B-8A1A-47A8-A193-D77D2D926AAC}.Release|Any CPU.Build.0 = Release|Any CPU
	EndGlobalSection
	GlobalSection(SolutionProperties) = preSolution
		HideSolutionNode = FALSE
	EndGlobalSection
	GlobalSection(ExtensibilityGlobals) = postSolution
		SolutionGuid = {CAFB2448-D5A5-4840-92E2-300CD22E600F}
	EndGlobalSection
EndGlobal
